
Microsoft Visual Studio Solution File, Format Version 12.00
# Visual Studio Version 17
VisualStudioVersion = 17.3.32825.248
MinimumVisualStudioVersion = 10.0.40219.1
Project("{FAE04EC0-301F-11D3-BF4B-00C04F79EFBC}") = "NotesAPI", "NotesAPI\NotesAPI.csproj", "{46D77E1D-BA33-4511-BDDC-05161D45877E}"
EndProject
Global
	GlobalSection(SolutionConfigurationPlatforms) = preSolution
		Debug|Any CPU = Debug|Any CPU
		Release|Any CPU = Release|Any CPU
	EndGlobalSection
	GlobalSection(ProjectConfigurationPlatforms) = postSolution
		{46D77E1D-BA33-4511-BDDC-05161D45877E}.Debug|Any CPU.ActiveCfg = Debug|Any CPU
		{46D77E1D-BA33-4511-BDDC-05161D45877E}.Debug|Any CPU.Build.0 = Debug|Any CPU
		{46D77E1D-BA33-4511-BDDC-05161D45877E}.Release|Any CPU.ActiveCfg = Release|Any CPU
		{46D77E1D-BA33-4511-BDDC-05161D45877E}.Release|Any CPU.Build.0 = Release|Any CPU
	EndGlobalSection
	GlobalSection(SolutionProperties) = preSolution
		HideSolutionNode = FALSE
	EndGlobalSection
	GlobalSection(ExtensibilityGlobals) = postSolution
		SolutionGuid = {80531A68-2ADE-4EA3-82F5-C14069C09E15}
	EndGlobalSection
EndGlobal
