
Microsoft Visual Studio Solution File, Format Version 12.00
# Visual Studio Version 17
VisualStudioVersion = 17.3.32811.315
MinimumVisualStudioVersion = 10.0.40219.1
Project("{FAE04EC0-301F-11D3-BF4B-00C04F79EFBC}") = "ContactsAPI", "ContactsAPI\ContactsAPI.csproj", "{169ECDAF-3490-4E27-88B2-523B4215FA9B}"
EndProject
Global
	GlobalSection(SolutionConfigurationPlatforms) = preSolution
		Debug|Any CPU = Debug|Any CPU
		Release|Any CPU = Release|Any CPU
	EndGlobalSection
	GlobalSection(ProjectConfigurationPlatforms) = postSolution
		{169ECDAF-3490-4E27-88B2-523B4215FA9B}.Debug|Any CPU.ActiveCfg = Debug|Any CPU
		{169ECDAF-3490-4E27-88B2-523B4215FA9B}.Debug|Any CPU.Build.0 = Debug|Any CPU
		{169ECDAF-3490-4E27-88B2-523B4215FA9B}.Release|Any CPU.ActiveCfg = Release|Any CPU
		{169ECDAF-3490-4E27-88B2-523B4215FA9B}.Release|Any CPU.Build.0 = Release|Any CPU
	EndGlobalSection
	GlobalSection(SolutionProperties) = preSolution
		HideSolutionNode = FALSE
	EndGlobalSection
	GlobalSection(ExtensibilityGlobals) = postSolution
		SolutionGuid = {56C20179-1DAE-4260-8A97-00029BA6A890}
	EndGlobalSection
EndGlobal
